
Microsoft Visual Studio Solution File, Format Version 12.00
# Visual Studio Version 16
VisualStudioVersion = 16.0.30611.23
MinimumVisualStudioVersion = 10.0.40219.1
Project("{FAE04EC0-301F-11D3-BF4B-00C04F79EFBC}") = "DatabaseHelperPython", "DatabaseHelperPython\DatabaseHelperPython.csproj", "{F73FF0A1-84E5-433D-88F9-ACE8BD9191A4}"
EndProject
Global
	GlobalSection(SolutionConfigurationPlatforms) = preSolution
		Debug|Any CPU = Debug|Any CPU
		Release|Any CPU = Release|Any CPU
	EndGlobalSection
	GlobalSection(ProjectConfigurationPlatforms) = postSolution
		{F73FF0A1-84E5-433D-88F9-ACE8BD9191A4}.Debug|Any CPU.ActiveCfg = Release|Any CPU
		{F73FF0A1-84E5-433D-88F9-ACE8BD9191A4}.Debug|Any CPU.Build.0 = Release|Any CPU
		{F73FF0A1-84E5-433D-88F9-ACE8BD9191A4}.Release|Any CPU.ActiveCfg = Release|Any CPU
		{F73FF0A1-84E5-433D-88F9-ACE8BD9191A4}.Release|Any CPU.Build.0 = Release|Any CPU
	EndGlobalSection
	GlobalSection(SolutionProperties) = preSolution
		HideSolutionNode = FALSE
	EndGlobalSection
	GlobalSection(ExtensibilityGlobals) = postSolution
		SolutionGuid = {E4F523B7-DA82-42ED-9F1B-E762A43493CA}
	EndGlobalSection
EndGlobal
